
Microsoft Visual Studio Solution File, Format Version 11.00
# Visual Studio 2010
Project("{FAE04EC0-301F-11D3-BF4B-00C04F79EFBC}") = "DistrEx.SampleApp", "DistrEx.SampleApp\DistrEx.SampleApp.csproj", "{C2053868-53A0-4DFA-BC87-3C248ED40D62}"
EndProject
Project("{FAE04EC0-301F-11D3-BF4B-00C04F79EFBC}") = "DistrEx.Coordinator", "DistrEx.Coordinator\DistrEx.Coordinator.csproj", "{69CA1B44-655E-4A0D-9D39-F04120FA1D5D}"
EndProject
Project("{FAE04EC0-301F-11D3-BF4B-00C04F79EFBC}") = "DistrEx.Coordinator.Test", "DistrEx.Coordinator.Test\DistrEx.Coordinator.Test.csproj", "{4247A0BD-E21E-460C-AE7E-12994AFF1B69}"
EndProject
Project("{2150E333-8FDC-42A3-9474-1A3956D46DE8}") = "Solution Items", "Solution Items", "{B9A045DE-BA74-471F-BFFD-5125543CA401}"
	ProjectSection(SolutionItems) = preProject
		DistrEx.vsmdi = DistrEx.vsmdi
		Local.testsettings = Local.testsettings
		TraceAndTestImpact.testsettings = TraceAndTestImpact.testsettings
	EndProjectSection
EndProject
Project("{2150E333-8FDC-42A3-9474-1A3956D46DE8}") = ".nuget", ".nuget", "{21B92DF7-E675-48F5-8D8F-31ACEA2074EA}"
	ProjectSection(SolutionItems) = preProject
		.nuget\NuGet.Config = .nuget\NuGet.Config
		.nuget\NuGet.exe = .nuget\NuGet.exe
		.nuget\NuGet.targets = .nuget\NuGet.targets
	EndProjectSection
EndProject
Project("{FAE04EC0-301F-11D3-BF4B-00C04F79EFBC}") = "DistrEx.Coordinator.Interface", "DistrEx.Coordinator.Interface\DistrEx.Coordinator.Interface.csproj", "{4BFD50CB-CB92-4374-BFFA-105406C6B281}"
EndProject
Project("{FAE04EC0-301F-11D3-BF4B-00C04F79EFBC}") = "DistrEx.Coordinator.Interface.Test", "DistrEx.Coordinator.Interface.Test\DistrEx.Coordinator.Interface.Test.csproj", "{4B81D17A-2989-4365-8E0F-CCA1E973B8CF}"
EndProject
Project("{FAE04EC0-301F-11D3-BF4B-00C04F79EFBC}") = "DistrEx.Common", "DistrEx.Common\DistrEx.Common.csproj", "{468DF1BE-F561-49E6-BA73-F74E8B468BCF}"
Project("{FAE04EC0-301F-11D3-BF4B-00C04F79EFBC}") = "DistrEx.Worker.Interface", "DistrEx.Worker.Interface\DistrEx.Worker.Interface.csproj", "{B7F1DDCD-97AF-4B3E-81E9-17F417C0C569}"
EndProject
Project("{FAE04EC0-301F-11D3-BF4B-00C04F79EFBC}") = "DistrEx.Common.Test", "DistrEx.Common.Test\DistrEx.Common.Test.csproj", "{4646BDEB-8BFA-4BAD-B9B7-2C135ADAF87D}"
Project("{FAE04EC0-301F-11D3-BF4B-00C04F79EFBC}") = "DistrEx.Worker.Interface.Test", "DistrEx.Worker.Interface.Test\DistrEx.Worker.Interface.Test.csproj", "{C1643EB5-3BB8-41A3-A226-97961B400F81}"
EndProject
Project("{FAE04EC0-301F-11D3-BF4B-00C04F79EFBC}") = "DistrEx.Worker", "DistrEx.Worker\DistrEx.Worker.csproj", "{AF2201E9-11B2-418C-889D-3D5E05FE3376}"
EndProject
Project("{FAE04EC0-301F-11D3-BF4B-00C04F79EFBC}") = "DistrEx.Worker.Test", "DistrEx.Worker.Test\DistrEx.Worker.Test.csproj", "{2CE1D702-7471-4458-96B9-C30BE3516C9F}"
EndProject
Project("{FAE04EC0-301F-11D3-BF4B-00C04F79EFBC}") = "DistrEx.Worker.Service", "DistrEx.Worker.Service\DistrEx.Worker.Service.csproj", "{0F195B56-9DB9-47A0-9D21-7F0E06F19D18}"
EndProject
Project("{FAE04EC0-301F-11D3-BF4B-00C04F79EFBC}") = "DistrEx.Worker.Service.Manager", "DistrEx.Worker.Service.Manager\DistrEx.Worker.Service.Manager.csproj", "{6BE73532-C02C-459B-A087-FA20DEBBC75C}"
EndProject
Global
	GlobalSection(TestCaseManagementSettings) = postSolution
		CategoryFile = DistrEx.vsmdi
	EndGlobalSection
	GlobalSection(SolutionConfigurationPlatforms) = preSolution
		Debug|Any CPU = Debug|Any CPU
		Debug|Mixed Platforms = Debug|Mixed Platforms
		Debug|x86 = Debug|x86
		Release|Any CPU = Release|Any CPU
		Release|Mixed Platforms = Release|Mixed Platforms
		Release|x86 = Release|x86
	EndGlobalSection
	GlobalSection(ProjectConfigurationPlatforms) = postSolution
		{C2053868-53A0-4DFA-BC87-3C248ED40D62}.Debug|Any CPU.ActiveCfg = Debug|x86
		{C2053868-53A0-4DFA-BC87-3C248ED40D62}.Debug|Mixed Platforms.ActiveCfg = Debug|x86
		{C2053868-53A0-4DFA-BC87-3C248ED40D62}.Debug|Mixed Platforms.Build.0 = Debug|x86
		{C2053868-53A0-4DFA-BC87-3C248ED40D62}.Debug|x86.ActiveCfg = Debug|x86
		{C2053868-53A0-4DFA-BC87-3C248ED40D62}.Debug|x86.Build.0 = Debug|x86
		{C2053868-53A0-4DFA-BC87-3C248ED40D62}.Release|Any CPU.ActiveCfg = Release|x86
		{C2053868-53A0-4DFA-BC87-3C248ED40D62}.Release|Mixed Platforms.ActiveCfg = Release|x86
		{C2053868-53A0-4DFA-BC87-3C248ED40D62}.Release|Mixed Platforms.Build.0 = Release|x86
		{C2053868-53A0-4DFA-BC87-3C248ED40D62}.Release|x86.ActiveCfg = Release|x86
		{C2053868-53A0-4DFA-BC87-3C248ED40D62}.Release|x86.Build.0 = Release|x86
		{69CA1B44-655E-4A0D-9D39-F04120FA1D5D}.Debug|Any CPU.ActiveCfg = Debug|Any CPU
		{69CA1B44-655E-4A0D-9D39-F04120FA1D5D}.Debug|Any CPU.Build.0 = Debug|Any CPU
		{69CA1B44-655E-4A0D-9D39-F04120FA1D5D}.Debug|Mixed Platforms.ActiveCfg = Debug|Any CPU
		{69CA1B44-655E-4A0D-9D39-F04120FA1D5D}.Debug|Mixed Platforms.Build.0 = Debug|Any CPU
		{69CA1B44-655E-4A0D-9D39-F04120FA1D5D}.Debug|x86.ActiveCfg = Debug|Any CPU
		{69CA1B44-655E-4A0D-9D39-F04120FA1D5D}.Release|Any CPU.ActiveCfg = Release|Any CPU
		{69CA1B44-655E-4A0D-9D39-F04120FA1D5D}.Release|Any CPU.Build.0 = Release|Any CPU
		{69CA1B44-655E-4A0D-9D39-F04120FA1D5D}.Release|Mixed Platforms.ActiveCfg = Release|Any CPU
		{69CA1B44-655E-4A0D-9D39-F04120FA1D5D}.Release|Mixed Platforms.Build.0 = Release|Any CPU
		{69CA1B44-655E-4A0D-9D39-F04120FA1D5D}.Release|x86.ActiveCfg = Release|Any CPU
		{4247A0BD-E21E-460C-AE7E-12994AFF1B69}.Debug|Any CPU.ActiveCfg = Debug|Any CPU
		{4247A0BD-E21E-460C-AE7E-12994AFF1B69}.Debug|Any CPU.Build.0 = Debug|Any CPU
		{4247A0BD-E21E-460C-AE7E-12994AFF1B69}.Debug|Mixed Platforms.ActiveCfg = Debug|Any CPU
		{4247A0BD-E21E-460C-AE7E-12994AFF1B69}.Debug|Mixed Platforms.Build.0 = Debug|Any CPU
		{4247A0BD-E21E-460C-AE7E-12994AFF1B69}.Debug|x86.ActiveCfg = Debug|Any CPU
		{4247A0BD-E21E-460C-AE7E-12994AFF1B69}.Release|Any CPU.ActiveCfg = Release|Any CPU
		{4247A0BD-E21E-460C-AE7E-12994AFF1B69}.Release|Any CPU.Build.0 = Release|Any CPU
		{4247A0BD-E21E-460C-AE7E-12994AFF1B69}.Release|Mixed Platforms.ActiveCfg = Release|Any CPU
		{4247A0BD-E21E-460C-AE7E-12994AFF1B69}.Release|Mixed Platforms.Build.0 = Release|Any CPU
		{4247A0BD-E21E-460C-AE7E-12994AFF1B69}.Release|x86.ActiveCfg = Release|Any CPU
		{4BFD50CB-CB92-4374-BFFA-105406C6B281}.Debug|Any CPU.ActiveCfg = Debug|Any CPU
		{4BFD50CB-CB92-4374-BFFA-105406C6B281}.Debug|Any CPU.Build.0 = Debug|Any CPU
		{4BFD50CB-CB92-4374-BFFA-105406C6B281}.Debug|Mixed Platforms.ActiveCfg = Debug|Any CPU
		{4BFD50CB-CB92-4374-BFFA-105406C6B281}.Debug|Mixed Platforms.Build.0 = Debug|Any CPU
		{4BFD50CB-CB92-4374-BFFA-105406C6B281}.Debug|x86.ActiveCfg = Debug|Any CPU
		{4BFD50CB-CB92-4374-BFFA-105406C6B281}.Release|Any CPU.ActiveCfg = Release|Any CPU
		{4BFD50CB-CB92-4374-BFFA-105406C6B281}.Release|Any CPU.Build.0 = Release|Any CPU
		{4BFD50CB-CB92-4374-BFFA-105406C6B281}.Release|Mixed Platforms.ActiveCfg = Release|Any CPU
		{4BFD50CB-CB92-4374-BFFA-105406C6B281}.Release|Mixed Platforms.Build.0 = Release|Any CPU
		{4BFD50CB-CB92-4374-BFFA-105406C6B281}.Release|x86.ActiveCfg = Release|Any CPU
		{4B81D17A-2989-4365-8E0F-CCA1E973B8CF}.Debug|Any CPU.ActiveCfg = Debug|Any CPU
		{4B81D17A-2989-4365-8E0F-CCA1E973B8CF}.Debug|Any CPU.Build.0 = Debug|Any CPU
		{4B81D17A-2989-4365-8E0F-CCA1E973B8CF}.Debug|Mixed Platforms.ActiveCfg = Debug|Any CPU
		{4B81D17A-2989-4365-8E0F-CCA1E973B8CF}.Debug|Mixed Platforms.Build.0 = Debug|Any CPU
		{4B81D17A-2989-4365-8E0F-CCA1E973B8CF}.Debug|x86.ActiveCfg = Debug|Any CPU
		{4B81D17A-2989-4365-8E0F-CCA1E973B8CF}.Release|Any CPU.ActiveCfg = Release|Any CPU
		{4B81D17A-2989-4365-8E0F-CCA1E973B8CF}.Release|Any CPU.Build.0 = Release|Any CPU
		{4B81D17A-2989-4365-8E0F-CCA1E973B8CF}.Release|Mixed Platforms.ActiveCfg = Release|Any CPU
		{4B81D17A-2989-4365-8E0F-CCA1E973B8CF}.Release|Mixed Platforms.Build.0 = Release|Any CPU
		{4B81D17A-2989-4365-8E0F-CCA1E973B8CF}.Release|x86.ActiveCfg = Release|Any CPU
		{B7F1DDCD-97AF-4B3E-81E9-17F417C0C569}.Debug|Any CPU.ActiveCfg = Debug|Any CPU
		{B7F1DDCD-97AF-4B3E-81E9-17F417C0C569}.Debug|Any CPU.Build.0 = Debug|Any CPU
		{B7F1DDCD-97AF-4B3E-81E9-17F417C0C569}.Debug|Mixed Platforms.ActiveCfg = Debug|Any CPU
		{B7F1DDCD-97AF-4B3E-81E9-17F417C0C569}.Debug|Mixed Platforms.Build.0 = Debug|Any CPU
		{B7F1DDCD-97AF-4B3E-81E9-17F417C0C569}.Debug|x86.ActiveCfg = Debug|Any CPU
		{B7F1DDCD-97AF-4B3E-81E9-17F417C0C569}.Release|Any CPU.ActiveCfg = Release|Any CPU
		{B7F1DDCD-97AF-4B3E-81E9-17F417C0C569}.Release|Any CPU.Build.0 = Release|Any CPU
		{B7F1DDCD-97AF-4B3E-81E9-17F417C0C569}.Release|Mixed Platforms.ActiveCfg = Release|Any CPU
		{B7F1DDCD-97AF-4B3E-81E9-17F417C0C569}.Release|Mixed Platforms.Build.0 = Release|Any CPU
		{B7F1DDCD-97AF-4B3E-81E9-17F417C0C569}.Release|x86.ActiveCfg = Release|Any CPU
		{C1643EB5-3BB8-41A3-A226-97961B400F81}.Debug|Any CPU.ActiveCfg = Debug|Any CPU
		{C1643EB5-3BB8-41A3-A226-97961B400F81}.Debug|Any CPU.Build.0 = Debug|Any CPU
		{C1643EB5-3BB8-41A3-A226-97961B400F81}.Debug|Mixed Platforms.ActiveCfg = Debug|Any CPU
		{C1643EB5-3BB8-41A3-A226-97961B400F81}.Debug|Mixed Platforms.Build.0 = Debug|Any CPU
		{C1643EB5-3BB8-41A3-A226-97961B400F81}.Debug|x86.ActiveCfg = Debug|Any CPU
		{C1643EB5-3BB8-41A3-A226-97961B400F81}.Release|Any CPU.ActiveCfg = Release|Any CPU
		{C1643EB5-3BB8-41A3-A226-97961B400F81}.Release|Any CPU.Build.0 = Release|Any CPU
		{C1643EB5-3BB8-41A3-A226-97961B400F81}.Release|Mixed Platforms.ActiveCfg = Release|Any CPU
		{C1643EB5-3BB8-41A3-A226-97961B400F81}.Release|Mixed Platforms.Build.0 = Release|Any CPU
		{C1643EB5-3BB8-41A3-A226-97961B400F81}.Release|x86.ActiveCfg = Release|Any CPU
		{AF2201E9-11B2-418C-889D-3D5E05FE3376}.Debug|Any CPU.ActiveCfg = Debug|Any CPU
		{AF2201E9-11B2-418C-889D-3D5E05FE3376}.Debug|Any CPU.Build.0 = Debug|Any CPU
		{AF2201E9-11B2-418C-889D-3D5E05FE3376}.Debug|Mixed Platforms.ActiveCfg = Debug|Any CPU
		{AF2201E9-11B2-418C-889D-3D5E05FE3376}.Debug|Mixed Platforms.Build.0 = Debug|Any CPU
		{AF2201E9-11B2-418C-889D-3D5E05FE3376}.Debug|x86.ActiveCfg = Debug|Any CPU
		{AF2201E9-11B2-418C-889D-3D5E05FE3376}.Release|Any CPU.ActiveCfg = Release|Any CPU
		{AF2201E9-11B2-418C-889D-3D5E05FE3376}.Release|Any CPU.Build.0 = Release|Any CPU
		{AF2201E9-11B2-418C-889D-3D5E05FE3376}.Release|Mixed Platforms.ActiveCfg = Release|Any CPU
		{AF2201E9-11B2-418C-889D-3D5E05FE3376}.Release|Mixed Platforms.Build.0 = Release|Any CPU
		{AF2201E9-11B2-418C-889D-3D5E05FE3376}.Release|x86.ActiveCfg = Release|Any CPU
		{2CE1D702-7471-4458-96B9-C30BE3516C9F}.Debug|Any CPU.ActiveCfg = Debug|Any CPU
		{2CE1D702-7471-4458-96B9-C30BE3516C9F}.Debug|Any CPU.Build.0 = Debug|Any CPU
		{2CE1D702-7471-4458-96B9-C30BE3516C9F}.Debug|Mixed Platforms.ActiveCfg = Debug|Any CPU
		{2CE1D702-7471-4458-96B9-C30BE3516C9F}.Debug|Mixed Platforms.Build.0 = Debug|Any CPU
		{2CE1D702-7471-4458-96B9-C30BE3516C9F}.Debug|x86.ActiveCfg = Debug|Any CPU
		{2CE1D702-7471-4458-96B9-C30BE3516C9F}.Release|Any CPU.ActiveCfg = Release|Any CPU
		{2CE1D702-7471-4458-96B9-C30BE3516C9F}.Release|Any CPU.Build.0 = Release|Any CPU
		{2CE1D702-7471-4458-96B9-C30BE3516C9F}.Release|Mixed Platforms.ActiveCfg = Release|Any CPU
		{2CE1D702-7471-4458-96B9-C30BE3516C9F}.Release|Mixed Platforms.Build.0 = Release|Any CPU
		{2CE1D702-7471-4458-96B9-C30BE3516C9F}.Release|x86.ActiveCfg = Release|Any CPU
		{0F195B56-9DB9-47A0-9D21-7F0E06F19D18}.Debug|Any CPU.ActiveCfg = Debug|x86
		{0F195B56-9DB9-47A0-9D21-7F0E06F19D18}.Debug|Mixed Platforms.ActiveCfg = Debug|x86
		{0F195B56-9DB9-47A0-9D21-7F0E06F19D18}.Debug|Mixed Platforms.Build.0 = Debug|x86
		{0F195B56-9DB9-47A0-9D21-7F0E06F19D18}.Debug|x86.ActiveCfg = Debug|x86
		{0F195B56-9DB9-47A0-9D21-7F0E06F19D18}.Debug|x86.Build.0 = Debug|x86
		{0F195B56-9DB9-47A0-9D21-7F0E06F19D18}.Release|Any CPU.ActiveCfg = Release|x86
		{0F195B56-9DB9-47A0-9D21-7F0E06F19D18}.Release|Mixed Platforms.ActiveCfg = Release|x86
		{0F195B56-9DB9-47A0-9D21-7F0E06F19D18}.Release|Mixed Platforms.Build.0 = Release|x86
		{0F195B56-9DB9-47A0-9D21-7F0E06F19D18}.Release|x86.ActiveCfg = Release|x86
		{0F195B56-9DB9-47A0-9D21-7F0E06F19D18}.Release|x86.Build.0 = Release|x86
		{6BE73532-C02C-459B-A087-FA20DEBBC75C}.Debug|Any CPU.ActiveCfg = Debug|x86
		{6BE73532-C02C-459B-A087-FA20DEBBC75C}.Debug|Mixed Platforms.ActiveCfg = Debug|x86
		{6BE73532-C02C-459B-A087-FA20DEBBC75C}.Debug|Mixed Platforms.Build.0 = Debug|x86
		{6BE73532-C02C-459B-A087-FA20DEBBC75C}.Debug|x86.ActiveCfg = Debug|x86
		{6BE73532-C02C-459B-A087-FA20DEBBC75C}.Debug|x86.Build.0 = Debug|x86
		{6BE73532-C02C-459B-A087-FA20DEBBC75C}.Release|Any CPU.ActiveCfg = Release|x86
		{6BE73532-C02C-459B-A087-FA20DEBBC75C}.Release|Mixed Platforms.ActiveCfg = Release|x86
		{6BE73532-C02C-459B-A087-FA20DEBBC75C}.Release|Mixed Platforms.Build.0 = Release|x86
		{6BE73532-C02C-459B-A087-FA20DEBBC75C}.Release|x86.ActiveCfg = Release|x86
		{6BE73532-C02C-459B-A087-FA20DEBBC75C}.Release|x86.Build.0 = Release|x86
	EndGlobalSection
	GlobalSection(SolutionProperties) = preSolution
		HideSolutionNode = FALSE
	EndGlobalSection
EndGlobal
