
Microsoft Visual Studio Solution File, Format Version 11.00
# Visual Studio 2010
Project("{FAE04EC0-301F-11D3-BF4B-00C04F79EFBC}") = "DistrEx.SampleApp", "DistrEx.SampleApp\DistrEx.SampleApp.csproj", "{C2053868-53A0-4DFA-BC87-3C248ED40D62}"
EndProject
Project("{FAE04EC0-301F-11D3-BF4B-00C04F79EFBC}") = "DistrEx.Coordinator", "DistrEx.Coordinator\DistrEx.Coordinator.csproj", "{69CA1B44-655E-4A0D-9D39-F04120FA1D5D}"
EndProject
Project("{FAE04EC0-301F-11D3-BF4B-00C04F79EFBC}") = "DistrEx.Coordinator.Test", "DistrEx.Coordinator.Test\DistrEx.Coordinator.Test.csproj", "{4247A0BD-E21E-460C-AE7E-12994AFF1B69}"
EndProject
Project("{2150E333-8FDC-42A3-9474-1A3956D46DE8}") = "Solution Items", "Solution Items", "{B9A045DE-BA74-471F-BFFD-5125543CA401}"
	ProjectSection(SolutionItems) = preProject
		DistrEx.vsmdi = DistrEx.vsmdi
		Local.testsettings = Local.testsettings
		TraceAndTestImpact.testsettings = TraceAndTestImpact.testsettings
	EndProjectSection
EndProject
Project("{2150E333-8FDC-42A3-9474-1A3956D46DE8}") = ".nuget", ".nuget", "{21B92DF7-E675-48F5-8D8F-31ACEA2074EA}"
	ProjectSection(SolutionItems) = preProject
		.nuget\NuGet.Config = .nuget\NuGet.Config
		.nuget\NuGet.exe = .nuget\NuGet.exe
		.nuget\NuGet.targets = .nuget\NuGet.targets
	EndProjectSection
EndProject
Project("{FAE04EC0-301F-11D3-BF4B-00C04F79EFBC}") = "DistrEx.Coordinator.Interface", "DistrEx.Coordinator.Interface\DistrEx.Coordinator.Interface.csproj", "{4BFD50CB-CB92-4374-BFFA-105406C6B281}"
EndProject
Project("{FAE04EC0-301F-11D3-BF4B-00C04F79EFBC}") = "DistrEx.Coordinator.Interface.Test", "DistrEx.Coordinator.Interface.Test\DistrEx.Coordinator.Interface.Test.csproj", "{4B81D17A-2989-4365-8E0F-CCA1E973B8CF}"
EndProject
Project("{FAE04EC0-301F-11D3-BF4B-00C04F79EFBC}") = "DistrEx.Common", "DistrEx.Common\DistrEx.Common.csproj", "{468DF1BE-F561-49E6-BA73-F74E8B468BCF}"
EndProject
Project("{FAE04EC0-301F-11D3-BF4B-00C04F79EFBC}") = "DistrEx.Worker.Interface", "DistrEx.Worker.Interface\DistrEx.Worker.Interface.csproj", "{B7F1DDCD-97AF-4B3E-81E9-17F417C0C569}"
EndProject
Project("{FAE04EC0-301F-11D3-BF4B-00C04F79EFBC}") = "DistrEx.Common.Test", "DistrEx.Common.Test\DistrEx.Common.Test.csproj", "{4646BDEB-8BFA-4BAD-B9B7-2C135ADAF87D}"
EndProject
Project("{FAE04EC0-301F-11D3-BF4B-00C04F79EFBC}") = "DistrEx.Worker.Interface.Test", "DistrEx.Worker.Interface.Test\DistrEx.Worker.Interface.Test.csproj", "{C1643EB5-3BB8-41A3-A226-97961B400F81}"
EndProject
Project("{FAE04EC0-301F-11D3-BF4B-00C04F79EFBC}") = "DistrEx.Worker", "DistrEx.Worker\DistrEx.Worker.csproj", "{AF2201E9-11B2-418C-889D-3D5E05FE3376}"
EndProject
Project("{FAE04EC0-301F-11D3-BF4B-00C04F79EFBC}") = "DistrEx.Worker.Test", "DistrEx.Worker.Test\DistrEx.Worker.Test.csproj", "{2CE1D702-7471-4458-96B9-C30BE3516C9F}"
EndProject
Project("{FAE04EC0-301F-11D3-BF4B-00C04F79EFBC}") = "DistrEx.Worker.Service", "DistrEx.Worker.Service\DistrEx.Worker.Service.csproj", "{0F195B56-9DB9-47A0-9D21-7F0E06F19D18}"
EndProject
Project("{FAE04EC0-301F-11D3-BF4B-00C04F79EFBC}") = "DistrEx.Worker.Service.Manager", "DistrEx.Worker.Service.Manager\DistrEx.Worker.Service.Manager.csproj", "{6BE73532-C02C-459B-A087-FA20DEBBC75C}"
EndProject
Project("{FAE04EC0-301F-11D3-BF4B-00C04F79EFBC}") = "DistrEx.Communication.Contracts", "DistrEx.Communication.Contracts\DistrEx.Communication.Contracts.csproj", "{AE874CE2-BED7-442E-AC72-F58447CC5B8F}"
EndProject
Project("{FAE04EC0-301F-11D3-BF4B-00C04F79EFBC}") = "DistrEx.Communication.Service", "DistrEx.Communication.Service\DistrEx.Communication.Service.csproj", "{27D24BB7-BE46-4654-A51F-204B5F289113}"
EndProject
Project("{FAE04EC0-301F-11D3-BF4B-00C04F79EFBC}") = "DistrEx.Communication.Proxy", "DistrEx.Communication.Proxy\DistrEx.Communication.Proxy.csproj", "{4731676A-F515-4F92-9AA1-1D295B48EDCC}"
EndProject
Project("{FAE04EC0-301F-11D3-BF4B-00C04F79EFBC}") = "DistrEx.Plugin", "DistrEx.Plugin\DistrEx.Plugin.csproj", "{9D469A38-B8E6-436E-A54D-2265438C99CE}"
EndProject
Project("{FAE04EC0-301F-11D3-BF4B-00C04F79EFBC}") = "DistrEx.Plugin.Test", "DistrEx.Plugin.Test\DistrEx.Plugin.Test.csproj", "{F2B9344A-35C6-4765-B9BB-E7BA9993D52C}"
EndProject
Project("{FAE04EC0-301F-11D3-BF4B-00C04F79EFBC}") = "DistrEx.Worker.Host", "DistrEx.Worker.Host\DistrEx.Worker.Host.csproj", "{395F8E3C-2E72-4439-9D26-45E59B2C8776}"
EndProject
Project("{FAE04EC0-301F-11D3-BF4B-00C04F79EFBC}") = "DistrEx.Communication.Service.Test", "DistrEx.Communication.Service.Test\DistrEx.Communication.Service.Test.csproj", "{336D17E8-1190-4974-9E5A-62256E115395}"
EndProject
Project("{2150E333-8FDC-42A3-9474-1A3956D46DE8}") = "Common", "Common", "{43958090-6A2D-4FB7-9169-1A4681ECD3D1}"
EndProject
Project("{2150E333-8FDC-42A3-9474-1A3956D46DE8}") = "Communication", "Communication", "{035B28AA-CE2D-4864-AC1D-877ED0DA7BF4}"
EndProject
Project("{2150E333-8FDC-42A3-9474-1A3956D46DE8}") = "Coordinator", "Coordinator", "{365ED811-BD7B-4EB4-ACD3-0545E17A5611}"
EndProject
Project("{2150E333-8FDC-42A3-9474-1A3956D46DE8}") = "Plugin", "Plugin", "{E8F03D46-97EE-48B2-AC76-68B342DC169F}"
EndProject
Project("{2150E333-8FDC-42A3-9474-1A3956D46DE8}") = "Worker", "Worker", "{CC5136F2-BA64-4AE3-9678-5B33428781C4}"
EndProject
Global
	GlobalSection(TestCaseManagementSettings) = postSolution
		CategoryFile = DistrEx.vsmdi
	EndGlobalSection
	GlobalSection(SolutionConfigurationPlatforms) = preSolution
		Debug|Any CPU = Debug|Any CPU
		Debug|Mixed Platforms = Debug|Mixed Platforms
		Debug|x64 = Debug|x64
		Debug|x86 = Debug|x86
		Release|Any CPU = Release|Any CPU
		Release|Mixed Platforms = Release|Mixed Platforms
		Release|x64 = Release|x64
		Release|x86 = Release|x86
	EndGlobalSection
	GlobalSection(ProjectConfigurationPlatforms) = postSolution
		{C2053868-53A0-4DFA-BC87-3C248ED40D62}.Debug|Any CPU.ActiveCfg = Debug|x86
		{C2053868-53A0-4DFA-BC87-3C248ED40D62}.Debug|Mixed Platforms.ActiveCfg = Debug|x86
		{C2053868-53A0-4DFA-BC87-3C248ED40D62}.Debug|Mixed Platforms.Build.0 = Debug|x86
		{C2053868-53A0-4DFA-BC87-3C248ED40D62}.Debug|x64.ActiveCfg = Debug|x64
		{C2053868-53A0-4DFA-BC87-3C248ED40D62}.Debug|x64.Build.0 = Debug|x64
		{C2053868-53A0-4DFA-BC87-3C248ED40D62}.Debug|x86.ActiveCfg = Debug|x86
		{C2053868-53A0-4DFA-BC87-3C248ED40D62}.Debug|x86.Build.0 = Debug|x86
		{C2053868-53A0-4DFA-BC87-3C248ED40D62}.Release|Any CPU.ActiveCfg = Release|x86
		{C2053868-53A0-4DFA-BC87-3C248ED40D62}.Release|Mixed Platforms.ActiveCfg = Release|x86
		{C2053868-53A0-4DFA-BC87-3C248ED40D62}.Release|Mixed Platforms.Build.0 = Release|x86
		{C2053868-53A0-4DFA-BC87-3C248ED40D62}.Release|x64.ActiveCfg = Release|x64
		{C2053868-53A0-4DFA-BC87-3C248ED40D62}.Release|x64.Build.0 = Release|x64
		{C2053868-53A0-4DFA-BC87-3C248ED40D62}.Release|x86.ActiveCfg = Release|x86
		{C2053868-53A0-4DFA-BC87-3C248ED40D62}.Release|x86.Build.0 = Release|x86
		{69CA1B44-655E-4A0D-9D39-F04120FA1D5D}.Debug|Any CPU.ActiveCfg = Debug|Any CPU
		{69CA1B44-655E-4A0D-9D39-F04120FA1D5D}.Debug|Any CPU.Build.0 = Debug|Any CPU
		{69CA1B44-655E-4A0D-9D39-F04120FA1D5D}.Debug|Mixed Platforms.ActiveCfg = Debug|Any CPU
		{69CA1B44-655E-4A0D-9D39-F04120FA1D5D}.Debug|Mixed Platforms.Build.0 = Debug|Any CPU
		{69CA1B44-655E-4A0D-9D39-F04120FA1D5D}.Debug|x64.ActiveCfg = Debug|x64
		{69CA1B44-655E-4A0D-9D39-F04120FA1D5D}.Debug|x64.Build.0 = Debug|x64
		{69CA1B44-655E-4A0D-9D39-F04120FA1D5D}.Debug|x86.ActiveCfg = Debug|x86
		{69CA1B44-655E-4A0D-9D39-F04120FA1D5D}.Debug|x86.Build.0 = Debug|x86
		{69CA1B44-655E-4A0D-9D39-F04120FA1D5D}.Release|Any CPU.ActiveCfg = Release|Any CPU
		{69CA1B44-655E-4A0D-9D39-F04120FA1D5D}.Release|Any CPU.Build.0 = Release|Any CPU
		{69CA1B44-655E-4A0D-9D39-F04120FA1D5D}.Release|Mixed Platforms.ActiveCfg = Release|Any CPU
		{69CA1B44-655E-4A0D-9D39-F04120FA1D5D}.Release|Mixed Platforms.Build.0 = Release|Any CPU
		{69CA1B44-655E-4A0D-9D39-F04120FA1D5D}.Release|x64.ActiveCfg = Release|x64
		{69CA1B44-655E-4A0D-9D39-F04120FA1D5D}.Release|x64.Build.0 = Release|x64
		{69CA1B44-655E-4A0D-9D39-F04120FA1D5D}.Release|x86.ActiveCfg = Release|x86
		{69CA1B44-655E-4A0D-9D39-F04120FA1D5D}.Release|x86.Build.0 = Release|x86
		{4247A0BD-E21E-460C-AE7E-12994AFF1B69}.Debug|Any CPU.ActiveCfg = Debug|Any CPU
		{4247A0BD-E21E-460C-AE7E-12994AFF1B69}.Debug|Any CPU.Build.0 = Debug|Any CPU
		{4247A0BD-E21E-460C-AE7E-12994AFF1B69}.Debug|Mixed Platforms.ActiveCfg = Debug|Any CPU
		{4247A0BD-E21E-460C-AE7E-12994AFF1B69}.Debug|Mixed Platforms.Build.0 = Debug|Any CPU
		{4247A0BD-E21E-460C-AE7E-12994AFF1B69}.Debug|x64.ActiveCfg = Debug|x64
		{4247A0BD-E21E-460C-AE7E-12994AFF1B69}.Debug|x64.Build.0 = Debug|x64
		{4247A0BD-E21E-460C-AE7E-12994AFF1B69}.Debug|x86.ActiveCfg = Debug|x86
		{4247A0BD-E21E-460C-AE7E-12994AFF1B69}.Debug|x86.Build.0 = Debug|x86
		{4247A0BD-E21E-460C-AE7E-12994AFF1B69}.Release|Any CPU.ActiveCfg = Release|Any CPU
		{4247A0BD-E21E-460C-AE7E-12994AFF1B69}.Release|Any CPU.Build.0 = Release|Any CPU
		{4247A0BD-E21E-460C-AE7E-12994AFF1B69}.Release|Mixed Platforms.ActiveCfg = Release|Any CPU
		{4247A0BD-E21E-460C-AE7E-12994AFF1B69}.Release|Mixed Platforms.Build.0 = Release|Any CPU
		{4247A0BD-E21E-460C-AE7E-12994AFF1B69}.Release|x64.ActiveCfg = Release|x64
		{4247A0BD-E21E-460C-AE7E-12994AFF1B69}.Release|x86.ActiveCfg = Release|x86
		{4BFD50CB-CB92-4374-BFFA-105406C6B281}.Debug|Any CPU.ActiveCfg = Debug|Any CPU
		{4BFD50CB-CB92-4374-BFFA-105406C6B281}.Debug|Any CPU.Build.0 = Debug|Any CPU
		{4BFD50CB-CB92-4374-BFFA-105406C6B281}.Debug|Mixed Platforms.ActiveCfg = Debug|Any CPU
		{4BFD50CB-CB92-4374-BFFA-105406C6B281}.Debug|Mixed Platforms.Build.0 = Debug|Any CPU
		{4BFD50CB-CB92-4374-BFFA-105406C6B281}.Debug|x64.ActiveCfg = Debug|x64
		{4BFD50CB-CB92-4374-BFFA-105406C6B281}.Debug|x64.Build.0 = Debug|x64
		{4BFD50CB-CB92-4374-BFFA-105406C6B281}.Debug|x86.ActiveCfg = Debug|x86
		{4BFD50CB-CB92-4374-BFFA-105406C6B281}.Debug|x86.Build.0 = Debug|x86
		{4BFD50CB-CB92-4374-BFFA-105406C6B281}.Release|Any CPU.ActiveCfg = Release|Any CPU
		{4BFD50CB-CB92-4374-BFFA-105406C6B281}.Release|Any CPU.Build.0 = Release|Any CPU
		{4BFD50CB-CB92-4374-BFFA-105406C6B281}.Release|Mixed Platforms.ActiveCfg = Release|Any CPU
		{4BFD50CB-CB92-4374-BFFA-105406C6B281}.Release|Mixed Platforms.Build.0 = Release|Any CPU
		{4BFD50CB-CB92-4374-BFFA-105406C6B281}.Release|x64.ActiveCfg = Release|x64
		{4BFD50CB-CB92-4374-BFFA-105406C6B281}.Release|x64.Build.0 = Release|x64
		{4BFD50CB-CB92-4374-BFFA-105406C6B281}.Release|x86.ActiveCfg = Release|x86
		{4BFD50CB-CB92-4374-BFFA-105406C6B281}.Release|x86.Build.0 = Release|x86
		{4B81D17A-2989-4365-8E0F-CCA1E973B8CF}.Debug|Any CPU.ActiveCfg = Debug|Any CPU
		{4B81D17A-2989-4365-8E0F-CCA1E973B8CF}.Debug|Any CPU.Build.0 = Debug|Any CPU
		{4B81D17A-2989-4365-8E0F-CCA1E973B8CF}.Debug|Mixed Platforms.ActiveCfg = Debug|Any CPU
		{4B81D17A-2989-4365-8E0F-CCA1E973B8CF}.Debug|Mixed Platforms.Build.0 = Debug|Any CPU
		{4B81D17A-2989-4365-8E0F-CCA1E973B8CF}.Debug|x64.ActiveCfg = Debug|x64
		{4B81D17A-2989-4365-8E0F-CCA1E973B8CF}.Debug|x64.Build.0 = Debug|x64
		{4B81D17A-2989-4365-8E0F-CCA1E973B8CF}.Debug|x86.ActiveCfg = Debug|x86
		{4B81D17A-2989-4365-8E0F-CCA1E973B8CF}.Debug|x86.Build.0 = Debug|x86
		{4B81D17A-2989-4365-8E0F-CCA1E973B8CF}.Release|Any CPU.ActiveCfg = Release|Any CPU
		{4B81D17A-2989-4365-8E0F-CCA1E973B8CF}.Release|Any CPU.Build.0 = Release|Any CPU
		{4B81D17A-2989-4365-8E0F-CCA1E973B8CF}.Release|Mixed Platforms.ActiveCfg = Release|Any CPU
		{4B81D17A-2989-4365-8E0F-CCA1E973B8CF}.Release|Mixed Platforms.Build.0 = Release|Any CPU
		{4B81D17A-2989-4365-8E0F-CCA1E973B8CF}.Release|x64.ActiveCfg = Release|x64
		{4B81D17A-2989-4365-8E0F-CCA1E973B8CF}.Release|x86.ActiveCfg = Release|x86
		{468DF1BE-F561-49E6-BA73-F74E8B468BCF}.Debug|Any CPU.ActiveCfg = Debug|Any CPU
		{468DF1BE-F561-49E6-BA73-F74E8B468BCF}.Debug|Any CPU.Build.0 = Debug|Any CPU
		{468DF1BE-F561-49E6-BA73-F74E8B468BCF}.Debug|Mixed Platforms.ActiveCfg = Debug|Any CPU
		{468DF1BE-F561-49E6-BA73-F74E8B468BCF}.Debug|Mixed Platforms.Build.0 = Debug|Any CPU
		{468DF1BE-F561-49E6-BA73-F74E8B468BCF}.Debug|x64.ActiveCfg = Debug|x64
		{468DF1BE-F561-49E6-BA73-F74E8B468BCF}.Debug|x64.Build.0 = Debug|x64
		{468DF1BE-F561-49E6-BA73-F74E8B468BCF}.Debug|x86.ActiveCfg = Debug|x86
		{468DF1BE-F561-49E6-BA73-F74E8B468BCF}.Debug|x86.Build.0 = Debug|x86
		{468DF1BE-F561-49E6-BA73-F74E8B468BCF}.Release|Any CPU.ActiveCfg = Release|Any CPU
		{468DF1BE-F561-49E6-BA73-F74E8B468BCF}.Release|Any CPU.Build.0 = Release|Any CPU
		{468DF1BE-F561-49E6-BA73-F74E8B468BCF}.Release|Mixed Platforms.ActiveCfg = Release|Any CPU
		{468DF1BE-F561-49E6-BA73-F74E8B468BCF}.Release|Mixed Platforms.Build.0 = Release|Any CPU
		{468DF1BE-F561-49E6-BA73-F74E8B468BCF}.Release|x64.ActiveCfg = Release|x64
		{468DF1BE-F561-49E6-BA73-F74E8B468BCF}.Release|x64.Build.0 = Release|x64
		{468DF1BE-F561-49E6-BA73-F74E8B468BCF}.Release|x86.ActiveCfg = Release|x86
		{468DF1BE-F561-49E6-BA73-F74E8B468BCF}.Release|x86.Build.0 = Release|x86
		{B7F1DDCD-97AF-4B3E-81E9-17F417C0C569}.Debug|Any CPU.ActiveCfg = Debug|Any CPU
		{B7F1DDCD-97AF-4B3E-81E9-17F417C0C569}.Debug|Mixed Platforms.ActiveCfg = Debug|Any CPU
		{B7F1DDCD-97AF-4B3E-81E9-17F417C0C569}.Debug|Mixed Platforms.Build.0 = Debug|Any CPU
		{B7F1DDCD-97AF-4B3E-81E9-17F417C0C569}.Debug|x64.ActiveCfg = Debug|x64
		{B7F1DDCD-97AF-4B3E-81E9-17F417C0C569}.Debug|x64.Build.0 = Debug|x64
		{B7F1DDCD-97AF-4B3E-81E9-17F417C0C569}.Debug|x86.ActiveCfg = Debug|x86
		{B7F1DDCD-97AF-4B3E-81E9-17F417C0C569}.Debug|x86.Build.0 = Debug|x86
		{B7F1DDCD-97AF-4B3E-81E9-17F417C0C569}.Release|Any CPU.ActiveCfg = Release|Any CPU
		{B7F1DDCD-97AF-4B3E-81E9-17F417C0C569}.Release|Mixed Platforms.ActiveCfg = Release|Any CPU
		{B7F1DDCD-97AF-4B3E-81E9-17F417C0C569}.Release|x64.ActiveCfg = Release|x64
		{B7F1DDCD-97AF-4B3E-81E9-17F417C0C569}.Release|x64.Build.0 = Release|x64
		{B7F1DDCD-97AF-4B3E-81E9-17F417C0C569}.Release|x86.ActiveCfg = Release|x86
		{B7F1DDCD-97AF-4B3E-81E9-17F417C0C569}.Release|x86.Build.0 = Release|x86
		{4646BDEB-8BFA-4BAD-B9B7-2C135ADAF87D}.Debug|Any CPU.ActiveCfg = Debug|Any CPU
		{4646BDEB-8BFA-4BAD-B9B7-2C135ADAF87D}.Debug|Any CPU.Build.0 = Debug|Any CPU
		{4646BDEB-8BFA-4BAD-B9B7-2C135ADAF87D}.Debug|Mixed Platforms.ActiveCfg = Debug|Any CPU
		{4646BDEB-8BFA-4BAD-B9B7-2C135ADAF87D}.Debug|Mixed Platforms.Build.0 = Debug|Any CPU
		{4646BDEB-8BFA-4BAD-B9B7-2C135ADAF87D}.Debug|x64.ActiveCfg = Debug|x64
		{4646BDEB-8BFA-4BAD-B9B7-2C135ADAF87D}.Debug|x64.Build.0 = Debug|x64
		{4646BDEB-8BFA-4BAD-B9B7-2C135ADAF87D}.Debug|x86.ActiveCfg = Debug|x86
		{4646BDEB-8BFA-4BAD-B9B7-2C135ADAF87D}.Debug|x86.Build.0 = Debug|x86
		{4646BDEB-8BFA-4BAD-B9B7-2C135ADAF87D}.Release|Any CPU.ActiveCfg = Release|Any CPU
		{4646BDEB-8BFA-4BAD-B9B7-2C135ADAF87D}.Release|Any CPU.Build.0 = Release|Any CPU
		{4646BDEB-8BFA-4BAD-B9B7-2C135ADAF87D}.Release|Mixed Platforms.ActiveCfg = Release|Any CPU
		{4646BDEB-8BFA-4BAD-B9B7-2C135ADAF87D}.Release|Mixed Platforms.Build.0 = Release|Any CPU
		{4646BDEB-8BFA-4BAD-B9B7-2C135ADAF87D}.Release|x64.ActiveCfg = Release|x64
		{4646BDEB-8BFA-4BAD-B9B7-2C135ADAF87D}.Release|x86.ActiveCfg = Release|x86
		{C1643EB5-3BB8-41A3-A226-97961B400F81}.Debug|Any CPU.ActiveCfg = Debug|Any CPU
		{C1643EB5-3BB8-41A3-A226-97961B400F81}.Debug|Mixed Platforms.ActiveCfg = Debug|Any CPU
		{C1643EB5-3BB8-41A3-A226-97961B400F81}.Debug|Mixed Platforms.Build.0 = Debug|Any CPU
		{C1643EB5-3BB8-41A3-A226-97961B400F81}.Debug|x64.ActiveCfg = Debug|x64
		{C1643EB5-3BB8-41A3-A226-97961B400F81}.Debug|x64.Build.0 = Debug|x64
		{C1643EB5-3BB8-41A3-A226-97961B400F81}.Debug|x86.ActiveCfg = Debug|x86
		{C1643EB5-3BB8-41A3-A226-97961B400F81}.Debug|x86.Build.0 = Debug|x86
		{C1643EB5-3BB8-41A3-A226-97961B400F81}.Release|Any CPU.ActiveCfg = Release|Any CPU
		{C1643EB5-3BB8-41A3-A226-97961B400F81}.Release|Mixed Platforms.ActiveCfg = Release|Any CPU
		{C1643EB5-3BB8-41A3-A226-97961B400F81}.Release|x64.ActiveCfg = Release|x64
		{C1643EB5-3BB8-41A3-A226-97961B400F81}.Release|x86.ActiveCfg = Release|x86
		{AF2201E9-11B2-418C-889D-3D5E05FE3376}.Debug|Any CPU.ActiveCfg = Debug|Any CPU
		{AF2201E9-11B2-418C-889D-3D5E05FE3376}.Debug|Mixed Platforms.ActiveCfg = Debug|Any CPU
		{AF2201E9-11B2-418C-889D-3D5E05FE3376}.Debug|Mixed Platforms.Build.0 = Debug|Any CPU
		{AF2201E9-11B2-418C-889D-3D5E05FE3376}.Debug|x64.ActiveCfg = Debug|x64
		{AF2201E9-11B2-418C-889D-3D5E05FE3376}.Debug|x64.Build.0 = Debug|x64
		{AF2201E9-11B2-418C-889D-3D5E05FE3376}.Debug|x86.ActiveCfg = Debug|x86
		{AF2201E9-11B2-418C-889D-3D5E05FE3376}.Debug|x86.Build.0 = Debug|x86
		{AF2201E9-11B2-418C-889D-3D5E05FE3376}.Release|Any CPU.ActiveCfg = Release|Any CPU
		{AF2201E9-11B2-418C-889D-3D5E05FE3376}.Release|Mixed Platforms.ActiveCfg = Release|Any CPU
		{AF2201E9-11B2-418C-889D-3D5E05FE3376}.Release|x64.ActiveCfg = Release|x64
		{AF2201E9-11B2-418C-889D-3D5E05FE3376}.Release|x64.Build.0 = Release|x64
		{AF2201E9-11B2-418C-889D-3D5E05FE3376}.Release|x86.ActiveCfg = Release|x86
		{AF2201E9-11B2-418C-889D-3D5E05FE3376}.Release|x86.Build.0 = Release|x86
		{2CE1D702-7471-4458-96B9-C30BE3516C9F}.Debug|Any CPU.ActiveCfg = Debug|Any CPU
		{2CE1D702-7471-4458-96B9-C30BE3516C9F}.Debug|Mixed Platforms.ActiveCfg = Debug|Any CPU
		{2CE1D702-7471-4458-96B9-C30BE3516C9F}.Debug|Mixed Platforms.Build.0 = Debug|Any CPU
		{2CE1D702-7471-4458-96B9-C30BE3516C9F}.Debug|x64.ActiveCfg = Debug|x64
		{2CE1D702-7471-4458-96B9-C30BE3516C9F}.Debug|x64.Build.0 = Debug|x64
		{2CE1D702-7471-4458-96B9-C30BE3516C9F}.Debug|x86.ActiveCfg = Debug|x86
		{2CE1D702-7471-4458-96B9-C30BE3516C9F}.Debug|x86.Build.0 = Debug|x86
		{2CE1D702-7471-4458-96B9-C30BE3516C9F}.Release|Any CPU.ActiveCfg = Release|Any CPU
		{2CE1D702-7471-4458-96B9-C30BE3516C9F}.Release|Mixed Platforms.ActiveCfg = Release|Any CPU
		{2CE1D702-7471-4458-96B9-C30BE3516C9F}.Release|x64.ActiveCfg = Release|x64
		{2CE1D702-7471-4458-96B9-C30BE3516C9F}.Release|x86.ActiveCfg = Release|x86
		{0F195B56-9DB9-47A0-9D21-7F0E06F19D18}.Debug|Any CPU.ActiveCfg = Debug|x86
		{0F195B56-9DB9-47A0-9D21-7F0E06F19D18}.Debug|Mixed Platforms.ActiveCfg = Debug|x86
		{0F195B56-9DB9-47A0-9D21-7F0E06F19D18}.Debug|Mixed Platforms.Build.0 = Debug|x86
		{0F195B56-9DB9-47A0-9D21-7F0E06F19D18}.Debug|x64.ActiveCfg = Debug|x64
		{0F195B56-9DB9-47A0-9D21-7F0E06F19D18}.Debug|x64.Build.0 = Debug|x64
		{0F195B56-9DB9-47A0-9D21-7F0E06F19D18}.Debug|x86.ActiveCfg = Debug|x86
		{0F195B56-9DB9-47A0-9D21-7F0E06F19D18}.Debug|x86.Build.0 = Debug|x86
		{0F195B56-9DB9-47A0-9D21-7F0E06F19D18}.Release|Any CPU.ActiveCfg = Release|x86
		{0F195B56-9DB9-47A0-9D21-7F0E06F19D18}.Release|Mixed Platforms.ActiveCfg = Release|x86
		{0F195B56-9DB9-47A0-9D21-7F0E06F19D18}.Release|x64.ActiveCfg = Release|x64
		{0F195B56-9DB9-47A0-9D21-7F0E06F19D18}.Release|x64.Build.0 = Release|x64
		{0F195B56-9DB9-47A0-9D21-7F0E06F19D18}.Release|x86.ActiveCfg = Release|x86
		{0F195B56-9DB9-47A0-9D21-7F0E06F19D18}.Release|x86.Build.0 = Release|x86
		{6BE73532-C02C-459B-A087-FA20DEBBC75C}.Debug|Any CPU.ActiveCfg = Debug|x86
		{6BE73532-C02C-459B-A087-FA20DEBBC75C}.Debug|Mixed Platforms.ActiveCfg = Debug|x86
		{6BE73532-C02C-459B-A087-FA20DEBBC75C}.Debug|Mixed Platforms.Build.0 = Debug|x86
		{6BE73532-C02C-459B-A087-FA20DEBBC75C}.Debug|x64.ActiveCfg = Debug|x64
		{6BE73532-C02C-459B-A087-FA20DEBBC75C}.Debug|x64.Build.0 = Debug|x64
		{6BE73532-C02C-459B-A087-FA20DEBBC75C}.Debug|x86.ActiveCfg = Debug|x86
		{6BE73532-C02C-459B-A087-FA20DEBBC75C}.Debug|x86.Build.0 = Debug|x86
		{6BE73532-C02C-459B-A087-FA20DEBBC75C}.Release|Any CPU.ActiveCfg = Release|x86
		{6BE73532-C02C-459B-A087-FA20DEBBC75C}.Release|Mixed Platforms.ActiveCfg = Release|x86
		{6BE73532-C02C-459B-A087-FA20DEBBC75C}.Release|x64.ActiveCfg = Release|x64
		{6BE73532-C02C-459B-A087-FA20DEBBC75C}.Release|x64.Build.0 = Release|x64
		{6BE73532-C02C-459B-A087-FA20DEBBC75C}.Release|x86.ActiveCfg = Release|x86
		{6BE73532-C02C-459B-A087-FA20DEBBC75C}.Release|x86.Build.0 = Release|x86
		{AE874CE2-BED7-442E-AC72-F58447CC5B8F}.Debug|Any CPU.ActiveCfg = Debug|Any CPU
		{AE874CE2-BED7-442E-AC72-F58447CC5B8F}.Debug|Any CPU.Build.0 = Debug|Any CPU
		{AE874CE2-BED7-442E-AC72-F58447CC5B8F}.Debug|Mixed Platforms.ActiveCfg = Debug|Any CPU
		{AE874CE2-BED7-442E-AC72-F58447CC5B8F}.Debug|Mixed Platforms.Build.0 = Debug|Any CPU
		{AE874CE2-BED7-442E-AC72-F58447CC5B8F}.Debug|x64.ActiveCfg = Debug|x64
		{AE874CE2-BED7-442E-AC72-F58447CC5B8F}.Debug|x64.Build.0 = Debug|x64
		{AE874CE2-BED7-442E-AC72-F58447CC5B8F}.Debug|x86.ActiveCfg = Debug|x86
		{AE874CE2-BED7-442E-AC72-F58447CC5B8F}.Debug|x86.Build.0 = Debug|x86
		{AE874CE2-BED7-442E-AC72-F58447CC5B8F}.Release|Any CPU.ActiveCfg = Release|Any CPU
		{AE874CE2-BED7-442E-AC72-F58447CC5B8F}.Release|Any CPU.Build.0 = Release|Any CPU
		{AE874CE2-BED7-442E-AC72-F58447CC5B8F}.Release|Mixed Platforms.ActiveCfg = Release|Any CPU
		{AE874CE2-BED7-442E-AC72-F58447CC5B8F}.Release|Mixed Platforms.Build.0 = Release|Any CPU
		{AE874CE2-BED7-442E-AC72-F58447CC5B8F}.Release|x64.ActiveCfg = Release|x64
		{AE874CE2-BED7-442E-AC72-F58447CC5B8F}.Release|x64.Build.0 = Release|x64
		{AE874CE2-BED7-442E-AC72-F58447CC5B8F}.Release|x86.ActiveCfg = Release|x86
		{AE874CE2-BED7-442E-AC72-F58447CC5B8F}.Release|x86.Build.0 = Release|x86
		{27D24BB7-BE46-4654-A51F-204B5F289113}.Debug|Any CPU.ActiveCfg = Debug|Any CPU
		{27D24BB7-BE46-4654-A51F-204B5F289113}.Debug|Any CPU.Build.0 = Debug|Any CPU
		{27D24BB7-BE46-4654-A51F-204B5F289113}.Debug|Mixed Platforms.ActiveCfg = Debug|Any CPU
		{27D24BB7-BE46-4654-A51F-204B5F289113}.Debug|Mixed Platforms.Build.0 = Debug|Any CPU
		{27D24BB7-BE46-4654-A51F-204B5F289113}.Debug|x64.ActiveCfg = Debug|x64
		{27D24BB7-BE46-4654-A51F-204B5F289113}.Debug|x64.Build.0 = Debug|x64
		{27D24BB7-BE46-4654-A51F-204B5F289113}.Debug|x86.ActiveCfg = Debug|x86
		{27D24BB7-BE46-4654-A51F-204B5F289113}.Debug|x86.Build.0 = Debug|x86
		{27D24BB7-BE46-4654-A51F-204B5F289113}.Release|Any CPU.ActiveCfg = Release|Any CPU
		{27D24BB7-BE46-4654-A51F-204B5F289113}.Release|Any CPU.Build.0 = Release|Any CPU
		{27D24BB7-BE46-4654-A51F-204B5F289113}.Release|Mixed Platforms.ActiveCfg = Release|Any CPU
		{27D24BB7-BE46-4654-A51F-204B5F289113}.Release|Mixed Platforms.Build.0 = Release|Any CPU
		{27D24BB7-BE46-4654-A51F-204B5F289113}.Release|x64.ActiveCfg = Release|x64
		{27D24BB7-BE46-4654-A51F-204B5F289113}.Release|x64.Build.0 = Release|x64
		{27D24BB7-BE46-4654-A51F-204B5F289113}.Release|x86.ActiveCfg = Release|x86
		{27D24BB7-BE46-4654-A51F-204B5F289113}.Release|x86.Build.0 = Release|x86
		{4731676A-F515-4F92-9AA1-1D295B48EDCC}.Debug|Any CPU.ActiveCfg = Debug|Any CPU
		{4731676A-F515-4F92-9AA1-1D295B48EDCC}.Debug|Any CPU.Build.0 = Debug|Any CPU
		{4731676A-F515-4F92-9AA1-1D295B48EDCC}.Debug|Mixed Platforms.ActiveCfg = Debug|Any CPU
		{4731676A-F515-4F92-9AA1-1D295B48EDCC}.Debug|Mixed Platforms.Build.0 = Debug|Any CPU
		{4731676A-F515-4F92-9AA1-1D295B48EDCC}.Debug|x64.ActiveCfg = Debug|x64
		{4731676A-F515-4F92-9AA1-1D295B48EDCC}.Debug|x64.Build.0 = Debug|x64
		{4731676A-F515-4F92-9AA1-1D295B48EDCC}.Debug|x86.ActiveCfg = Debug|x86
		{4731676A-F515-4F92-9AA1-1D295B48EDCC}.Debug|x86.Build.0 = Debug|x86
		{4731676A-F515-4F92-9AA1-1D295B48EDCC}.Release|Any CPU.ActiveCfg = Release|Any CPU
		{4731676A-F515-4F92-9AA1-1D295B48EDCC}.Release|Any CPU.Build.0 = Release|Any CPU
		{4731676A-F515-4F92-9AA1-1D295B48EDCC}.Release|Mixed Platforms.ActiveCfg = Release|Any CPU
		{4731676A-F515-4F92-9AA1-1D295B48EDCC}.Release|Mixed Platforms.Build.0 = Release|Any CPU
		{4731676A-F515-4F92-9AA1-1D295B48EDCC}.Release|x64.ActiveCfg = Release|x64
		{4731676A-F515-4F92-9AA1-1D295B48EDCC}.Release|x64.Build.0 = Release|x64
		{4731676A-F515-4F92-9AA1-1D295B48EDCC}.Release|x86.ActiveCfg = Release|x86
		{4731676A-F515-4F92-9AA1-1D295B48EDCC}.Release|x86.Build.0 = Release|x86
		{9D469A38-B8E6-436E-A54D-2265438C99CE}.Debug|Any CPU.ActiveCfg = Debug|Any CPU
		{9D469A38-B8E6-436E-A54D-2265438C99CE}.Debug|Any CPU.Build.0 = Debug|Any CPU
		{9D469A38-B8E6-436E-A54D-2265438C99CE}.Debug|Mixed Platforms.ActiveCfg = Debug|Any CPU
		{9D469A38-B8E6-436E-A54D-2265438C99CE}.Debug|Mixed Platforms.Build.0 = Debug|Any CPU
		{9D469A38-B8E6-436E-A54D-2265438C99CE}.Debug|x64.ActiveCfg = Debug|x64
		{9D469A38-B8E6-436E-A54D-2265438C99CE}.Debug|x64.Build.0 = Debug|x64
		{9D469A38-B8E6-436E-A54D-2265438C99CE}.Debug|x86.ActiveCfg = Debug|x86
		{9D469A38-B8E6-436E-A54D-2265438C99CE}.Debug|x86.Build.0 = Debug|x86
		{9D469A38-B8E6-436E-A54D-2265438C99CE}.Release|Any CPU.ActiveCfg = Release|Any CPU
		{9D469A38-B8E6-436E-A54D-2265438C99CE}.Release|Any CPU.Build.0 = Release|Any CPU
		{9D469A38-B8E6-436E-A54D-2265438C99CE}.Release|Mixed Platforms.ActiveCfg = Release|Any CPU
		{9D469A38-B8E6-436E-A54D-2265438C99CE}.Release|Mixed Platforms.Build.0 = Release|Any CPU
		{9D469A38-B8E6-436E-A54D-2265438C99CE}.Release|x64.ActiveCfg = Release|x64
		{9D469A38-B8E6-436E-A54D-2265438C99CE}.Release|x64.Build.0 = Release|x64
		{9D469A38-B8E6-436E-A54D-2265438C99CE}.Release|x86.ActiveCfg = Release|x86
		{9D469A38-B8E6-436E-A54D-2265438C99CE}.Release|x86.Build.0 = Release|x86
		{F2B9344A-35C6-4765-B9BB-E7BA9993D52C}.Debug|Any CPU.ActiveCfg = Debug|Any CPU
		{F2B9344A-35C6-4765-B9BB-E7BA9993D52C}.Debug|Any CPU.Build.0 = Debug|Any CPU
		{F2B9344A-35C6-4765-B9BB-E7BA9993D52C}.Debug|Mixed Platforms.ActiveCfg = Debug|Any CPU
		{F2B9344A-35C6-4765-B9BB-E7BA9993D52C}.Debug|Mixed Platforms.Build.0 = Debug|Any CPU
		{F2B9344A-35C6-4765-B9BB-E7BA9993D52C}.Debug|x64.ActiveCfg = Debug|x64
		{F2B9344A-35C6-4765-B9BB-E7BA9993D52C}.Debug|x64.Build.0 = Debug|x64
		{F2B9344A-35C6-4765-B9BB-E7BA9993D52C}.Debug|x86.ActiveCfg = Debug|x86
		{F2B9344A-35C6-4765-B9BB-E7BA9993D52C}.Debug|x86.Build.0 = Debug|x86
		{F2B9344A-35C6-4765-B9BB-E7BA9993D52C}.Release|Any CPU.ActiveCfg = Release|Any CPU
		{F2B9344A-35C6-4765-B9BB-E7BA9993D52C}.Release|Any CPU.Build.0 = Release|Any CPU
		{F2B9344A-35C6-4765-B9BB-E7BA9993D52C}.Release|Mixed Platforms.ActiveCfg = Release|Any CPU
		{F2B9344A-35C6-4765-B9BB-E7BA9993D52C}.Release|Mixed Platforms.Build.0 = Release|Any CPU
		{F2B9344A-35C6-4765-B9BB-E7BA9993D52C}.Release|x64.ActiveCfg = Release|x64
		{F2B9344A-35C6-4765-B9BB-E7BA9993D52C}.Release|x86.ActiveCfg = Release|x86
		{395F8E3C-2E72-4439-9D26-45E59B2C8776}.Debug|Any CPU.ActiveCfg = Debug|x86
		{395F8E3C-2E72-4439-9D26-45E59B2C8776}.Debug|Mixed Platforms.ActiveCfg = Debug|x86
		{395F8E3C-2E72-4439-9D26-45E59B2C8776}.Debug|Mixed Platforms.Build.0 = Debug|x86
		{395F8E3C-2E72-4439-9D26-45E59B2C8776}.Debug|x64.ActiveCfg = Debug|x64
		{395F8E3C-2E72-4439-9D26-45E59B2C8776}.Debug|x64.Build.0 = Debug|x64
		{395F8E3C-2E72-4439-9D26-45E59B2C8776}.Debug|x86.ActiveCfg = Debug|x86
		{395F8E3C-2E72-4439-9D26-45E59B2C8776}.Debug|x86.Build.0 = Debug|x86
		{395F8E3C-2E72-4439-9D26-45E59B2C8776}.Release|Any CPU.ActiveCfg = Release|x86
		{395F8E3C-2E72-4439-9D26-45E59B2C8776}.Release|Mixed Platforms.ActiveCfg = Release|x86
		{395F8E3C-2E72-4439-9D26-45E59B2C8776}.Release|Mixed Platforms.Build.0 = Release|x86
		{395F8E3C-2E72-4439-9D26-45E59B2C8776}.Release|x64.ActiveCfg = Release|x64
		{395F8E3C-2E72-4439-9D26-45E59B2C8776}.Release|x64.Build.0 = Release|x64
		{395F8E3C-2E72-4439-9D26-45E59B2C8776}.Release|x86.ActiveCfg = Release|x86
		{395F8E3C-2E72-4439-9D26-45E59B2C8776}.Release|x86.Build.0 = Release|x86
		{336D17E8-1190-4974-9E5A-62256E115395}.Debug|Any CPU.ActiveCfg = Debug|Any CPU
		{336D17E8-1190-4974-9E5A-62256E115395}.Debug|Any CPU.Build.0 = Debug|Any CPU
		{336D17E8-1190-4974-9E5A-62256E115395}.Debug|Mixed Platforms.ActiveCfg = Debug|Any CPU
		{336D17E8-1190-4974-9E5A-62256E115395}.Debug|Mixed Platforms.Build.0 = Debug|Any CPU
		{336D17E8-1190-4974-9E5A-62256E115395}.Debug|x64.ActiveCfg = Debug|x64
		{336D17E8-1190-4974-9E5A-62256E115395}.Debug|x64.Build.0 = Debug|x64
		{336D17E8-1190-4974-9E5A-62256E115395}.Debug|x86.ActiveCfg = Debug|x86
		{336D17E8-1190-4974-9E5A-62256E115395}.Debug|x86.Build.0 = Debug|x86
		{336D17E8-1190-4974-9E5A-62256E115395}.Release|Any CPU.ActiveCfg = Release|Any CPU
		{336D17E8-1190-4974-9E5A-62256E115395}.Release|Any CPU.Build.0 = Release|Any CPU
		{336D17E8-1190-4974-9E5A-62256E115395}.Release|Mixed Platforms.ActiveCfg = Release|Any CPU
		{336D17E8-1190-4974-9E5A-62256E115395}.Release|Mixed Platforms.Build.0 = Release|Any CPU
		{336D17E8-1190-4974-9E5A-62256E115395}.Release|x64.ActiveCfg = Release|x64
		{336D17E8-1190-4974-9E5A-62256E115395}.Release|x86.ActiveCfg = Release|x86
	EndGlobalSection
	GlobalSection(SolutionProperties) = preSolution
		HideSolutionNode = FALSE
	EndGlobalSection
	GlobalSection(NestedProjects) = preSolution
		{4247A0BD-E21E-460C-AE7E-12994AFF1B69} = {365ED811-BD7B-4EB4-ACD3-0545E17A5611}
		{4BFD50CB-CB92-4374-BFFA-105406C6B281} = {365ED811-BD7B-4EB4-ACD3-0545E17A5611}
		{4B81D17A-2989-4365-8E0F-CCA1E973B8CF} = {365ED811-BD7B-4EB4-ACD3-0545E17A5611}
		{69CA1B44-655E-4A0D-9D39-F04120FA1D5D} = {365ED811-BD7B-4EB4-ACD3-0545E17A5611}
		{4646BDEB-8BFA-4BAD-B9B7-2C135ADAF87D} = {43958090-6A2D-4FB7-9169-1A4681ECD3D1}
		{468DF1BE-F561-49E6-BA73-F74E8B468BCF} = {43958090-6A2D-4FB7-9169-1A4681ECD3D1}
		{C1643EB5-3BB8-41A3-A226-97961B400F81} = {CC5136F2-BA64-4AE3-9678-5B33428781C4}
		{AF2201E9-11B2-418C-889D-3D5E05FE3376} = {CC5136F2-BA64-4AE3-9678-5B33428781C4}
		{2CE1D702-7471-4458-96B9-C30BE3516C9F} = {CC5136F2-BA64-4AE3-9678-5B33428781C4}
		{0F195B56-9DB9-47A0-9D21-7F0E06F19D18} = {CC5136F2-BA64-4AE3-9678-5B33428781C4}
		{6BE73532-C02C-459B-A087-FA20DEBBC75C} = {CC5136F2-BA64-4AE3-9678-5B33428781C4}
		{395F8E3C-2E72-4439-9D26-45E59B2C8776} = {CC5136F2-BA64-4AE3-9678-5B33428781C4}
		{B7F1DDCD-97AF-4B3E-81E9-17F417C0C569} = {CC5136F2-BA64-4AE3-9678-5B33428781C4}
		{27D24BB7-BE46-4654-A51F-204B5F289113} = {035B28AA-CE2D-4864-AC1D-877ED0DA7BF4}
		{4731676A-F515-4F92-9AA1-1D295B48EDCC} = {035B28AA-CE2D-4864-AC1D-877ED0DA7BF4}
		{336D17E8-1190-4974-9E5A-62256E115395} = {035B28AA-CE2D-4864-AC1D-877ED0DA7BF4}
		{AE874CE2-BED7-442E-AC72-F58447CC5B8F} = {035B28AA-CE2D-4864-AC1D-877ED0DA7BF4}
		{F2B9344A-35C6-4765-B9BB-E7BA9993D52C} = {E8F03D46-97EE-48B2-AC76-68B342DC169F}
		{9D469A38-B8E6-436E-A54D-2265438C99CE} = {E8F03D46-97EE-48B2-AC76-68B342DC169F}
	EndGlobalSection
EndGlobal
